// !$*UTF8*$!
{
	archiveVersion = 1;
	classes = {
	};
	objectVersion = 50;
	objects = {

/* Begin PBXBuildFile section */
		7E8333FE2602A1AF00FA2384 /* AppDelegate.swift in Sources */ = {isa = PBXBuildFile; fileRef = 7E8333FD2602A1AF00FA2384 /* AppDelegate.swift */; };
		7E8334002602A1AF00FA2384 /* SceneDelegate.swift in Sources */ = {isa = PBXBuildFile; fileRef = 7E8333FF2602A1AF00FA2384 /* SceneDelegate.swift */; };
		7E8334052602A1AF00FA2384 /* Main.storyboard in Resources */ = {isa = PBXBuildFile; fileRef = 7E8334032602A1AF00FA2384 /* Main.storyboard */; };
		7E8334072602A1B100FA2384 /* Assets.xcassets in Resources */ = {isa = PBXBuildFile; fileRef = 7E8334062602A1B100FA2384 /* Assets.xcassets */; };
		7E83340A2602A1B100FA2384 /* LaunchScreen.storyboard in Resources */ = {isa = PBXBuildFile; fileRef = 7E8334082602A1B100FA2384 /* LaunchScreen.storyboard */; };
		7E8334142602A22B00FA2384 /* HomeVC.swift in Sources */ = {isa = PBXBuildFile; fileRef = 7E8334132602A22B00FA2384 /* HomeVC.swift */; };
		7E8334162602A44300FA2384 /* PointCell.swift in Sources */ = {isa = PBXBuildFile; fileRef = 7E8334152602A44300FA2384 /* PointCell.swift */; };
		7E8334182602B17600FA2384 /* PointDetailsVC.swift in Sources */ = {isa = PBXBuildFile; fileRef = 7E8334172602B17600FA2384 /* PointDetailsVC.swift */; };
		7E83341A2602B20A00FA2384 /* Point.swift in Sources */ = {isa = PBXBuildFile; fileRef = 7E8334192602B20A00FA2384 /* Point.swift */; };
		7E83341C2602BBC000FA2384 /* AddVC.swift in Sources */ = {isa = PBXBuildFile; fileRef = 7E83341B2602BBC000FA2384 /* AddVC.swift */; };
/* End PBXBuildFile section */

/* Begin PBXFileReference section */
		7E8333FA2602A1AF00FA2384 /* ScavengerHunt.app */ = {isa = PBXFileReference; explicitFileType = wrapper.application; includeInIndex = 0; path = ScavengerHunt.app; sourceTree = BUILT_PRODUCTS_DIR; };
		7E8333FD2602A1AF00FA2384 /* AppDelegate.swift */ = {isa = PBXFileReference; lastKnownFileType = sourcecode.swift; path = AppDelegate.swift; sourceTree = "<group>"; };
		7E8333FF2602A1AF00FA2384 /* SceneDelegate.swift */ = {isa = PBXFileReference; lastKnownFileType = sourcecode.swift; path = SceneDelegate.swift; sourceTree = "<group>"; };
		7E8334042602A1AF00FA2384 /* Base */ = {isa = PBXFileReference; lastKnownFileType = file.storyboard; name = Base; path = Base.lproj/Main.storyboard; sourceTree = "<group>"; };
		7E8334062602A1B100FA2384 /* Assets.xcassets */ = {isa = PBXFileReference; lastKnownFileType = folder.assetcatalog; path = Assets.xcassets; sourceTree = "<group>"; };
		7E8334092602A1B100FA2384 /* Base */ = {isa = PBXFileReference; lastKnownFileType = file.storyboard; name = Base; path = Base.lproj/LaunchScreen.storyboard; sourceTree = "<group>"; };
		7E83340B2602A1B100FA2384 /* Info.plist */ = {isa = PBXFileReference; lastKnownFileType = text.plist.xml; path = Info.plist; sourceTree = "<group>"; };
		7E8334132602A22B00FA2384 /* HomeVC.swift */ = {isa = PBXFileReference; lastKnownFileType = sourcecode.swift; path = HomeVC.swift; sourceTree = "<group>"; };
		7E8334152602A44300FA2384 /* PointCell.swift */ = {isa = PBXFileReference; lastKnownFileType = sourcecode.swift; path = PointCell.swift; sourceTree = "<group>"; };
		7E8334172602B17600FA2384 /* PointDetailsVC.swift */ = {isa = PBXFileReference; lastKnownFileType = sourcecode.swift; path = PointDetailsVC.swift; sourceTree = "<group>"; };
		7E8334192602B20A00FA2384 /* Point.swift */ = {isa = PBXFileReference; lastKnownFileType = sourcecode.swift; path = Point.swift; sourceTree = "<group>"; };
		7E83341B2602BBC000FA2384 /* AddVC.swift */ = {isa = PBXFileReference; lastKnownFileType = sourcecode.swift; path = AddVC.swift; sourceTree = "<group>"; };
/* End PBXFileReference section */

/* Begin PBXFrameworksBuildPhase section */
		7E8333F72602A1AF00FA2384 /* Frameworks */ = {
			isa = PBXFrameworksBuildPhase;
			buildActionMask = 2147483647;
			files = (
			);
			runOnlyForDeploymentPostprocessing = 0;
		};
/* End PBXFrameworksBuildPhase section */

/* Begin PBXGroup section */
		7E8333F12602A1AF00FA2384 = {
			isa = PBXGroup;
			children = (
				7E8333FC2602A1AF00FA2384 /* ScavengerHunt */,
				7E8333FB2602A1AF00FA2384 /* Products */,
			);
			sourceTree = "<group>";
		};
		7E8333FB2602A1AF00FA2384 /* Products */ = {
			isa = PBXGroup;
			children = (
				7E8333FA2602A1AF00FA2384 /* ScavengerHunt.app */,
			);
			name = Products;
			sourceTree = "<group>";
		};
		7E8333FC2602A1AF00FA2384 /* ScavengerHunt */ = {
			isa = PBXGroup;
			children = (
				7E8333FD2602A1AF00FA2384 /* AppDelegate.swift */,
				7E8333FF2602A1AF00FA2384 /* SceneDelegate.swift */,
				7E8334032602A1AF00FA2384 /* Main.storyboard */,
				7E8334192602B20A00FA2384 /* Point.swift */,
				7E8334062602A1B100FA2384 /* Assets.xcassets */,
				7E8334082602A1B100FA2384 /* LaunchScreen.storyboard */,
				7E83340B2602A1B100FA2384 /* Info.plist */,
				7E8334132602A22B00FA2384 /* HomeVC.swift */,
				7E8334152602A44300FA2384 /* PointCell.swift */,
				7E8334172602B17600FA2384 /* PointDetailsVC.swift */,
				7E83341B2602BBC000FA2384 /* AddVC.swift */,
			);
			path = ScavengerHunt;
			sourceTree = "<group>";
		};
/* End PBXGroup section */

/* Begin PBXNativeTarget section */
		7E8333F92602A1AF00FA2384 /* ScavengerHunt */ = {
			isa = PBXNativeTarget;
			buildConfigurationList = 7E83340E2602A1B100FA2384 /* Build configuration list for PBXNativeTarget "ScavengerHunt" */;
			buildPhases = (
				7E8333F62602A1AF00FA2384 /* Sources */,
				7E8333F72602A1AF00FA2384 /* Frameworks */,
				7E8333F82602A1AF00FA2384 /* Resources */,
			);
			buildRules = (
			);
			dependencies = (
			);
			name = ScavengerHunt;
			productName = ScavengerHunt;
			productReference = 7E8333FA2602A1AF00FA2384 /* ScavengerHunt.app */;
			productType = "com.apple.product-type.application";
		};
/* End PBXNativeTarget section */

/* Begin PBXProject section */
		7E8333F22602A1AF00FA2384 /* Project object */ = {
			isa = PBXProject;
			attributes = {
				LastSwiftUpdateCheck = 1160;
				LastUpgradeCheck = 1160;
				ORGANIZATIONNAME = thiagohissa;
				TargetAttributes = {
					7E8333F92602A1AF00FA2384 = {
						CreatedOnToolsVersion = 11.6;
					};
				};
			};
			buildConfigurationList = 7E8333F52602A1AF00FA2384 /* Build configuration list for PBXProject "ScavengerHunt" */;
			compatibilityVersion = "Xcode 9.3";
			developmentRegion = en;
			hasScannedForEncodings = 0;
			knownRegions = (
				en,
				Base,
			);
			mainGroup = 7E8333F12602A1AF00FA2384;
			productRefGroup = 7E8333FB2602A1AF00FA2384 /* Products */;
			projectDirPath = "";
			projectRoot = "";
			targets = (
				7E8333F92602A1AF00FA2384 /* ScavengerHunt */,
			);
		};
/* End PBXProject section */

/* Begin PBXResourcesBuildPhase section */
		7E8333F82602A1AF00FA2384 /* Resources */ = {
			isa = PBXResourcesBuildPhase;
			buildActionMask = 2147483647;
			files = (
				7E83340A2602A1B100FA2384 /* LaunchScreen.storyboard in Resources */,
				7E8334072602A1B100FA2384 /* Assets.xcassets in Resources */,
				7E8334052602A1AF00FA2384 /* Main.storyboard in Resources */,
			);
			runOnlyForDeploymentPostprocessing = 0;
		};
/* End PBXResourcesBuildPhase section */

/* Begin PBXSourcesBuildPhase section */
		7E8333F62602A1AF00FA2384 /* Sources */ = {
			isa = PBXSourcesBuildPhase;
			buildActionMask = 2147483647;
			files = (
				7E8334182602B17600FA2384 /* PointDetailsVC.swift in Sources */,
				7E8334162602A44300FA2384 /* PointCell.swift in Sources */,
				7E83341A2602B20A00FA2384 /* Point.swift in Sources */,
				7E8334142602A22B00FA2384 /* HomeVC.swift in Sources */,
				7E8333FE2602A1AF00FA2384 /* AppDelegate.swift in Sources */,
				7E83341C2602BBC000FA2384 /* AddVC.swift in Sources */,
				7E8334002602A1AF00FA2384 /* SceneDelegate.swift in Sources */,
			);
			runOnlyForDeploymentPostprocessing = 0;
		};
/* End PBXSourcesBuildPhase section */

/* Begin PBXVariantGroup section */
		7E8334032602A1AF00FA2384 /* Main.storyboard */ = {
			isa = PBXVariantGroup;
			children = (
				7E8334042602A1AF00FA2384 /* Base */,
			);
			name = Main.storyboard;
			sourceTree = "<group>";
		};
		7E8334082602A1B100FA2384 /* LaunchScreen.storyboard */ = {
			isa = PBXVariantGroup;
			children = (
				7E8334092602A1B100FA2384 /* Base */,
			);
			name = LaunchScreen.storyboard;
			sourceTree = "<group>";
		};
/* End PBXVariantGroup section */

/* Begin XCBuildConfiguration section */
		7E83340C2602A1B100FA2384 /* Debug */ = {
			isa = XCBuildConfiguration;
			buildSettings = {
				ALWAYS_SEARCH_USER_PATHS = NO;
				CLANG_ANALYZER_NONNULL = YES;
				CLANG_ANALYZER_NUMBER_OBJECT_CONVERSION = YES_AGGRESSIVE;
				CLANG_CXX_LANGUAGE_STANDARD = "gnu++14";
				CLANG_CXX_LIBRARY = "libc++";
				CLANG_ENABLE_MODULES = YES;
				CLANG_ENABLE_OBJC_ARC = YES;
				CLANG_ENABLE_OBJC_WEAK = YES;
				CLANG_WARN_BLOCK_CAPTURE_AUTORELEASING = YES;
				CLANG_WARN_BOOL_CONVERSION = YES;
				CLANG_WARN_COMMA = YES;
				CLANG_WARN_CONSTANT_CONVERSION = YES;
				CLANG_WARN_DEPRECATED_OBJC_IMPLEMENTATIONS = YES;
				CLANG_WARN_DIRECT_OBJC_ISA_USAGE = YES_ERROR;
				CLANG_WARN_DOCUMENTATION_COMMENTS = YES;
				CLANG_WARN_EMPTY_BODY = YES;
				CLANG_WARN_ENUM_CONVERSION = YES;
				CLANG_WARN_INFINITE_RECURSION = YES;
				CLANG_WARN_INT_CONVERSION = YES;
				CLANG_WARN_NON_LITERAL_NULL_CONVERSION = YES;
				CLANG_WARN_OBJC_IMPLICIT_RETAIN_SELF = YES;
				CLANG_WARN_OBJC_LITERAL_CONVERSION = YES;
				CLANG_WARN_OBJC_ROOT_CLASS = YES_ERROR;
				CLANG_WARN_RANGE_LOOP_ANALYSIS = YES;
				CLANG_WARN_STRICT_PROTOTYPES = YES;
				CLANG_WARN_SUSPICIOUS_MOVE = YES;
				CLANG_WARN_UNGUARDED_AVAILABILITY = YES_AGGRESSIVE;
				CLANG_WARN_UNREACHABLE_CODE = YES;
				CLANG_WARN__DUPLICATE_METHOD_MATCH = YES;
				COPY_PHASE_STRIP = NO;
				DEBUG_INFORMATION_FORMAT = dwarf;
				ENABLE_STRICT_OBJC_MSGSEND = YES;
				ENABLE_TESTABILITY = YES;
				GCC_C_LANGUAGE_STANDARD = gnu11;
				GCC_DYNAMIC_NO_PIC = NO;
				GCC_NO_COMMON_BLOCKS = YES;
				GCC_OPTIMIZATION_LEVEL = 0;
				GCC_PREPROCESSOR_DEFINITIONS = (
					"DEBUG=1",
					"$(inherited)",
				);
				GCC_WARN_64_TO_32_BIT_CONVERSION = YES;
				GCC_WARN_ABOUT_RETURN_TYPE = YES_ERROR;
				GCC_WARN_UNDECLARED_SELECTOR = YES;
				GCC_WARN_UNINITIALIZED_AUTOS = YES_AGGRESSIVE;
				GCC_WARN_UNUSED_FUNCTION = YES;
				GCC_WARN_UNUSED_VARIABLE = YES;
				IPHONEOS_DEPLOYMENT_TARGET = 13.6;
				MTL_ENABLE_DEBUG_INFO = INCLUDE_SOURCE;
				MTL_FAST_MATH = YES;
				ONLY_ACTIVE_ARCH = YES;
				SDKROOT = iphoneos;
				SWIFT_ACTIVE_COMPILATION_CONDITIONS = DEBUG;
				SWIFT_OPTIMIZATION_LEVEL = "-Onone";
			};
			name = Debug;
		};
		7E83340D2602A1B100FA2384 /* Release */ = {
			isa = XCBuildConfiguration;
			buildSettings = {
				ALWAYS_SEARCH_USER_PATHS = NO;
				CLANG_ANALYZER_NONNULL = YES;
				CLANG_ANALYZER_NUMBER_OBJECT_CONVERSION = YES_AGGRESSIVE;
				CLANG_CXX_LANGUAGE_STANDARD = "gnu++14";
				CLANG_CXX_LIBRARY = "libc++";
				CLANG_ENABLE_MODULES = YES;
				CLANG_ENABLE_OBJC_ARC = YES;
				CLANG_ENABLE_OBJC_WEAK = YES;
				CLANG_WARN_BLOCK_CAPTURE_AUTORELEASING = YES;
				CLANG_WARN_BOOL_CONVERSION = YES;
				CLANG_WARN_COMMA = YES;
				CLANG_WARN_CONSTANT_CONVERSION = YES;
				CLANG_WARN_DEPRECATED_OBJC_IMPLEMENTATIONS = YES;
				CLANG_WARN_DIRECT_OBJC_ISA_USAGE = YES_ERROR;
				CLANG_WARN_DOCUMENTATION_COMMENTS = YES;
				CLANG_WARN_EMPTY_BODY = YES;
				CLANG_WARN_ENUM_CONVERSION = YES;
				CLANG_WARN_INFINITE_RECURSION = YES;
				CLANG_WARN_INT_CONVERSION = YES;
				CLANG_WARN_NON_LITERAL_NULL_CONVERSION = YES;
				CLANG_WARN_OBJC_IMPLICIT_RETAIN_SELF = YES;
				CLANG_WARN_OBJC_LITERAL_CONVERSION = YES;
				CLANG_WARN_OBJC_ROOT_CLASS = YES_ERROR;
				CLANG_WARN_RANGE_LOOP_ANALYSIS = YES;
				CLANG_WARN_STRICT_PROTOTYPES = YES;
				CLANG_WARN_SUSPICIOUS_MOVE = YES;
				CLANG_WARN_UNGUARDED_AVAILABILITY = YES_AGGRESSIVE;
				CLANG_WARN_UNREACHABLE_CODE = YES;
				CLANG_WARN__DUPLICATE_METHOD_MATCH = YES;
				COPY_PHASE_STRIP = NO;
				DEBUG_INFORMATION_FORMAT = "dwarf-with-dsym";
				ENABLE_NS_ASSERTIONS = NO;
				ENABLE_STRICT_OBJC_MSGSEND = YES;
				GCC_C_LANGUAGE_STANDARD = gnu11;
				GCC_NO_COMMON_BLOCKS = YES;
				GCC_WARN_64_TO_32_BIT_CONVERSION = YES;
				GCC_WARN_ABOUT_RETURN_TYPE = YES_ERROR;
				GCC_WARN_UNDECLARED_SELECTOR = YES;
				GCC_WARN_UNINITIALIZED_AUTOS = YES_AGGRESSIVE;
				GCC_WARN_UNUSED_FUNCTION = YES;
				GCC_WARN_UNUSED_VARIABLE = YES;
				IPHONEOS_DEPLOYMENT_TARGET = 13.6;
				MTL_ENABLE_DEBUG_INFO = NO;
				MTL_FAST_MATH = YES;
				SDKROOT = iphoneos;
				SWIFT_COMPILATION_MODE = wholemodule;
				SWIFT_OPTIMIZATION_LEVEL = "-O";
				VALIDATE_PRODUCT = YES;
			};
			name = Release;
		};
		7E83340F2602A1B100FA2384 /* Debug */ = {
			isa = XCBuildConfiguration;
			buildSettings = {
				ASSETCATALOG_COMPILER_APPICON_NAME = AppIcon;
				CODE_SIGN_STYLE = Automatic;
				INFOPLIST_FILE = ScavengerHunt/Info.plist;
				LD_RUNPATH_SEARCH_PATHS = (
					"$(inherited)",
					"@executable_path/Frameworks",
				);
				PRODUCT_BUNDLE_IDENTIFIER = com.thiagohissa.ScavengerHunt;
				PRODUCT_NAME = "$(TARGET_NAME)";
				SWIFT_VERSION = 5.0;
				TARGETED_DEVICE_FAMILY = "1,2";
			};
			name = Debug;
		};
		7E8334102602A1B100FA2384 /* Release */ = {
			isa = XCBuildConfiguration;
			buildSettings = {
				ASSETCATALOG_COMPILER_APPICON_NAME = AppIcon;
				CODE_SIGN_STYLE = Automatic;
				INFOPLIST_FILE = ScavengerHunt/Info.plist;
				LD_RUNPATH_SEARCH_PATHS = (
					"$(inherited)",
					"@executable_path/Frameworks",
				);
				PRODUCT_BUNDLE_IDENTIFIER = com.thiagohissa.ScavengerHunt;
				PRODUCT_NAME = "$(TARGET_NAME)";
				SWIFT_VERSION = 5.0;
				TARGETED_DEVICE_FAMILY = "1,2";
			};
			name = Release;
		};
/* End XCBuildConfiguration section */

/* Begin XCConfigurationList section */
		7E8333F52602A1AF00FA2384 /* Build configuration list for PBXProject "ScavengerHunt" */ = {
			isa = XCConfigurationList;
			buildConfigurations = (
				7E83340C2602A1B100FA2384 /* Debug */,
				7E83340D2602A1B100FA2384 /* Release */,
			);
			defaultConfigurationIsVisible = 0;
			defaultConfigurationName = Release;
		};
		7E83340E2602A1B100FA2384 /* Build configuration list for PBXNativeTarget "ScavengerHunt" */ = {
			isa = XCConfigurationList;
			buildConfigurations = (
				7E83340F2602A1B100FA2384 /* Debug */,
				7E8334102602A1B100FA2384 /* Release */,
			);
			defaultConfigurationIsVisible = 0;
			defaultConfigurationName = Release;
		};
/* End XCConfigurationList section */
	};
	rootObject = 7E8333F22602A1AF00FA2384 /* Project object */;
}
